
Microsoft Visual Studio Solution File, Format Version 12.00
# Visual Studio Version 17
VisualStudioVersion = 17.4.33213.308
MinimumVisualStudioVersion = 10.0.40219.1
Project("{FAE04EC0-301F-11D3-BF4B-00C04F79EFBC}") = "ExceptionCommon", "ExceptionCommon\ExceptionCommon\ExceptionCommon.csproj", "{A14654DF-0E04-480E-AF97-5C4110742868}"
EndProject
Project("{FAE04EC0-301F-11D3-BF4B-00C04F79EFBC}") = "ExceptionBack", "ExceptionBack\ExceptionBack.csproj", "{DF27DAF0-E905-4EFC-B66D-32AF2FB946D4}"
EndProject
Project("{FAE04EC0-301F-11D3-BF4B-00C04F79EFBC}") = "ExceptionService", "ExceptionService\ExceptionService.csproj", "{CA359629-978A-47CE-B730-7DC80A936BD7}"
EndProject
Project("{FAE04EC0-301F-11D3-BF4B-00C04F79EFBC}") = "API-Exception", "API-Exception\API-Exception.csproj", "{614387CE-2EC9-41C9-B880-8E76489AECA7}"
EndProject
Project("{FAE04EC0-301F-11D3-BF4B-00C04F79EFBC}") = "ExceptionBlazor", "ExceptionBlazor\ExceptionBlazor.csproj", "{08C113E1-128B-4715-A9A1-0CAC0157B1BC}"
EndProject
Global
	GlobalSection(SolutionConfigurationPlatforms) = preSolution
		Debug|Any CPU = Debug|Any CPU
		Release|Any CPU = Release|Any CPU
	EndGlobalSection
	GlobalSection(ProjectConfigurationPlatforms) = postSolution
		{A14654DF-0E04-480E-AF97-5C4110742868}.Debug|Any CPU.ActiveCfg = Debug|Any CPU
		{A14654DF-0E04-480E-AF97-5C4110742868}.Debug|Any CPU.Build.0 = Debug|Any CPU
		{A14654DF-0E04-480E-AF97-5C4110742868}.Release|Any CPU.ActiveCfg = Release|Any CPU
		{A14654DF-0E04-480E-AF97-5C4110742868}.Release|Any CPU.Build.0 = Release|Any CPU
		{DF27DAF0-E905-4EFC-B66D-32AF2FB946D4}.Debug|Any CPU.ActiveCfg = Debug|Any CPU
		{DF27DAF0-E905-4EFC-B66D-32AF2FB946D4}.Debug|Any CPU.Build.0 = Debug|Any CPU
		{DF27DAF0-E905-4EFC-B66D-32AF2FB946D4}.Release|Any CPU.ActiveCfg = Release|Any CPU
		{DF27DAF0-E905-4EFC-B66D-32AF2FB946D4}.Release|Any CPU.Build.0 = Release|Any CPU
		{CA359629-978A-47CE-B730-7DC80A936BD7}.Debug|Any CPU.ActiveCfg = Debug|Any CPU
		{CA359629-978A-47CE-B730-7DC80A936BD7}.Debug|Any CPU.Build.0 = Debug|Any CPU
		{CA359629-978A-47CE-B730-7DC80A936BD7}.Release|Any CPU.ActiveCfg = Release|Any CPU
		{CA359629-978A-47CE-B730-7DC80A936BD7}.Release|Any CPU.Build.0 = Release|Any CPU
		{614387CE-2EC9-41C9-B880-8E76489AECA7}.Debug|Any CPU.ActiveCfg = Debug|Any CPU
		{614387CE-2EC9-41C9-B880-8E76489AECA7}.Debug|Any CPU.Build.0 = Debug|Any CPU
		{614387CE-2EC9-41C9-B880-8E76489AECA7}.Release|Any CPU.ActiveCfg = Release|Any CPU
		{614387CE-2EC9-41C9-B880-8E76489AECA7}.Release|Any CPU.Build.0 = Release|Any CPU
		{08C113E1-128B-4715-A9A1-0CAC0157B1BC}.Debug|Any CPU.ActiveCfg = Debug|Any CPU
		{08C113E1-128B-4715-A9A1-0CAC0157B1BC}.Debug|Any CPU.Build.0 = Debug|Any CPU
		{08C113E1-128B-4715-A9A1-0CAC0157B1BC}.Release|Any CPU.ActiveCfg = Release|Any CPU
		{08C113E1-128B-4715-A9A1-0CAC0157B1BC}.Release|Any CPU.Build.0 = Release|Any CPU
	EndGlobalSection
	GlobalSection(SolutionProperties) = preSolution
		HideSolutionNode = FALSE
	EndGlobalSection
	GlobalSection(ExtensibilityGlobals) = postSolution
		SolutionGuid = {1680E73C-D0AC-47F3-A7A7-7419906D8DED}
	EndGlobalSection
EndGlobal
