
Microsoft Visual Studio Solution File, Format Version 12.00
# Visual Studio Version 17
VisualStudioVersion = 17.4.33213.308
MinimumVisualStudioVersion = 10.0.40219.1
Project("{FAE04EC0-301F-11D3-BF4B-00C04F79EFBC}") = "ProcessCommon", "ProcessCommon\ProcessCommon.csproj", "{D17F7B49-B61A-4992-90E3-635F93D4BA5A}"
EndProject
Global
	GlobalSection(SolutionConfigurationPlatforms) = preSolution
		Debug|Any CPU = Debug|Any CPU
		Release|Any CPU = Release|Any CPU
	EndGlobalSection
	GlobalSection(ProjectConfigurationPlatforms) = postSolution
		{D17F7B49-B61A-4992-90E3-635F93D4BA5A}.Debug|Any CPU.ActiveCfg = Debug|Any CPU
		{D17F7B49-B61A-4992-90E3-635F93D4BA5A}.Debug|Any CPU.Build.0 = Debug|Any CPU
		{D17F7B49-B61A-4992-90E3-635F93D4BA5A}.Release|Any CPU.ActiveCfg = Release|Any CPU
		{D17F7B49-B61A-4992-90E3-635F93D4BA5A}.Release|Any CPU.Build.0 = Release|Any CPU
	EndGlobalSection
	GlobalSection(SolutionProperties) = preSolution
		HideSolutionNode = FALSE
	EndGlobalSection
	GlobalSection(ExtensibilityGlobals) = postSolution
		SolutionGuid = {B97A0582-DDD6-4E64-A046-02E0870FAFE9}
	EndGlobalSection
EndGlobal
